
Microsoft Visual Studio Solution File, Format Version 12.00
# Visual Studio 14
VisualStudioVersion = 14.0.25420.1
MinimumVisualStudioVersion = 10.0.40219.1
Project("{FAE04EC0-301F-11D3-BF4B-00C04F79EFBC}") = "music", "music\music.csproj", "{145C4109-D5C9-49CF-9BB4-E1F748F73291}"
EndProject
Project("{54435603-DBB4-11D2-8724-00A0C9A8B90C}") = "Mp3Player", "Mp3Player\Mp3Player.vdproj", "{724DDA76-D53A-4DF1-AE0F-6FF1F73E2A6D}"
EndProject
Global
	GlobalSection(SolutionConfigurationPlatforms) = preSolution
		Debug|Any CPU = Debug|Any CPU
		Release|Any CPU = Release|Any CPU
	EndGlobalSection
	GlobalSection(ProjectConfigurationPlatforms) = postSolution
		{145C4109-D5C9-49CF-9BB4-E1F748F73291}.Debug|Any CPU.ActiveCfg = Debug|Any CPU
		{145C4109-D5C9-49CF-9BB4-E1F748F73291}.Debug|Any CPU.Build.0 = Debug|Any CPU
		{145C4109-D5C9-49CF-9BB4-E1F748F73291}.Release|Any CPU.ActiveCfg = Release|Any CPU
		{145C4109-D5C9-49CF-9BB4-E1F748F73291}.Release|Any CPU.Build.0 = Release|Any CPU
		{724DDA76-D53A-4DF1-AE0F-6FF1F73E2A6D}.Debug|Any CPU.ActiveCfg = Debug
		{724DDA76-D53A-4DF1-AE0F-6FF1F73E2A6D}.Release|Any CPU.ActiveCfg = Release
	EndGlobalSection
	GlobalSection(SolutionProperties) = preSolution
		HideSolutionNode = FALSE
	EndGlobalSection
EndGlobal
